
Microsoft Visual Studio Solution File, Format Version 12.00
# Visual Studio 15
VisualStudioVersion = 15.0.28010.2036
MinimumVisualStudioVersion = 10.0.40219.1
Project("{9A19103F-16F7-4668-BE54-9A1E7A4F7556}") = "CommonHelper", "CommonHelper\CommonHelper.csproj", "{15EB4996-6B82-4671-8F96-F3A61B8BEAE4}"
EndProject
Project("{9A19103F-16F7-4668-BE54-9A1E7A4F7556}") = "CommonModel", "CommonModel\CommonModel.csproj", "{6EE33958-0805-4342-9243-1CFD033C2F07}"
EndProject
Global
	GlobalSection(SolutionConfigurationPlatforms) = preSolution
		Debug|Any CPU = Debug|Any CPU
		Release|Any CPU = Release|Any CPU
	EndGlobalSection
	GlobalSection(ProjectConfigurationPlatforms) = postSolution
		{15EB4996-6B82-4671-8F96-F3A61B8BEAE4}.Debug|Any CPU.ActiveCfg = Debug|Any CPU
		{15EB4996-6B82-4671-8F96-F3A61B8BEAE4}.Debug|Any CPU.Build.0 = Debug|Any CPU
		{15EB4996-6B82-4671-8F96-F3A61B8BEAE4}.Release|Any CPU.ActiveCfg = Release|Any CPU
		{15EB4996-6B82-4671-8F96-F3A61B8BEAE4}.Release|Any CPU.Build.0 = Release|Any CPU
		{6EE33958-0805-4342-9243-1CFD033C2F07}.Debug|Any CPU.ActiveCfg = Debug|Any CPU
		{6EE33958-0805-4342-9243-1CFD033C2F07}.Debug|Any CPU.Build.0 = Debug|Any CPU
		{6EE33958-0805-4342-9243-1CFD033C2F07}.Release|Any CPU.ActiveCfg = Release|Any CPU
		{6EE33958-0805-4342-9243-1CFD033C2F07}.Release|Any CPU.Build.0 = Release|Any CPU
	EndGlobalSection
	GlobalSection(SolutionProperties) = preSolution
		HideSolutionNode = FALSE
	EndGlobalSection
	GlobalSection(ExtensibilityGlobals) = postSolution
		SolutionGuid = {9F425B4E-4293-41D4-83F9-8947E38D851E}
	EndGlobalSection
EndGlobal
